Microsoft Visual Studio Solution File, Format Version 12.00
# Visual Studio Version 17
VisualStudioVersion = 17.5.2.0
MinimumVisualStudioVersion = 10.0.40219.1
Project("{FAE04EC0-301F-11D3-BF4B-00C04F79EFBC}") = "Com.ZachDeibert.JellyfinPluginHDHomeRunDVR", "hdhomerun-dvr\Com.ZachDeibert.JellyfinPluginHDHomeRunDVR.csproj", "{39256FA2-B8E3-47EB-ADDC-FE2BE2E88BEF}"
Project("{FAE04EC0-301F-11D3-BF4B-00C04F79EFBC}") = "Com.ZachDeibert.JellyfinPluginHDHomeRunGuide", "hdhomerun-guide\Com.ZachDeibert.JellyfinPluginHDHomeRunGuide.csproj", "{5A733CA5-E84B-4298-103B-8848A2805706}"
EndProject
Global
	GlobalSection(SolutionConfigurationPlatforms) = preSolution
		Debug|Any CPU = Debug|Any CPU
		Release|Any CPU = Release|Any CPU
	EndGlobalSection
	GlobalSection(ProjectConfigurationPlatforms) = postSolution
		{39256FA2-B8E3-47EB-ADDC-FE2BE2E88BEF}.Debug|Any CPU.ActiveCfg = Debug|Any CPU
		{39256FA2-B8E3-47EB-ADDC-FE2BE2E88BEF}.Debug|Any CPU.Build.0 = Debug|Any CPU
		{39256FA2-B8E3-47EB-ADDC-FE2BE2E88BEF}.Release|Any CPU.ActiveCfg = Release|Any CPU
		{39256FA2-B8E3-47EB-ADDC-FE2BE2E88BEF}.Release|Any CPU.Build.0 = Release|Any CPU
		{5A733CA5-E84B-4298-103B-8848A2805706}.Debug|Any CPU.ActiveCfg = Debug|Any CPU
		{5A733CA5-E84B-4298-103B-8848A2805706}.Debug|Any CPU.Build.0 = Debug|Any CPU
		{5A733CA5-E84B-4298-103B-8848A2805706}.Release|Any CPU.ActiveCfg = Release|Any CPU
		{5A733CA5-E84B-4298-103B-8848A2805706}.Release|Any CPU.Build.0 = Release|Any CPU
	EndGlobalSection
	GlobalSection(SolutionProperties) = preSolution
		HideSolutionNode = FALSE
	EndGlobalSection
	GlobalSection(ExtensibilityGlobals) = postSolution
		SolutionGuid = {90D3C8ED-9869-40D7-9205-14A271776108}
	EndGlobalSection
EndGlobal
